// !$*UTF8*$!
{
	archiveVersion = 1;
	classes = {
	};
	objectVersion = 56;
	objects = {

/* Begin PBXBuildFile section */
		145145292C2C57620090F738 /* MasteringFirebaseApp.swift in Sources */ = {isa = PBXBuildFile; fileRef = 145145282C2C57620090F738 /* MasteringFirebaseApp.swift */; };
		1451452D2C2C57630090F738 /* Assets.xcassets in Resources */ = {isa = PBXBuildFile; fileRef = 1451452C2C2C57630090F738 /* Assets.xcassets */; };
		145145302C2C57630090F738 /* Preview Assets.xcassets in Resources */ = {isa = PBXBuildFile; fileRef = 1451452F2C2C57630090F738 /* Preview Assets.xcassets */; };
		1451453D2C2C58380090F738 /* AuthDataResult.swift in Sources */ = {isa = PBXBuildFile; fileRef = 1451453C2C2C58380090F738 /* AuthDataResult.swift */; };
		1451453F2C2C58490090F738 /* AuthViewModel.swift in Sources */ = {isa = PBXBuildFile; fileRef = 1451453E2C2C58490090F738 /* AuthViewModel.swift */; };
		145145412C2C58710090F738 /* MainView.swift in Sources */ = {isa = PBXBuildFile; fileRef = 145145402C2C58710090F738 /* MainView.swift */; };
		145145432C2C588C0090F738 /* FirstView.swift in Sources */ = {isa = PBXBuildFile; fileRef = 145145422C2C588C0090F738 /* FirstView.swift */; };
		145145452C2C58C50090F738 /* AuthenticationView.swift in Sources */ = {isa = PBXBuildFile; fileRef = 145145442C2C58C50090F738 /* AuthenticationView.swift */; };
		145145472C2C58D90090F738 /* SignInView.swift in Sources */ = {isa = PBXBuildFile; fileRef = 145145462C2C58D90090F738 /* SignInView.swift */; };
		145145492C2C58F60090F738 /* SignUpView.swift in Sources */ = {isa = PBXBuildFile; fileRef = 145145482C2C58F60090F738 /* SignUpView.swift */; };
		1451454D2C2C59480090F738 /* InputFieldView.swift in Sources */ = {isa = PBXBuildFile; fileRef = 1451454C2C2C59480090F738 /* InputFieldView.swift */; };
		1451454F2C2C595D0090F738 /* SignWithButton.swift in Sources */ = {isa = PBXBuildFile; fileRef = 1451454E2C2C595D0090F738 /* SignWithButton.swift */; };
		145145512C2C59A00090F738 /* AuthenticationManager.swift in Sources */ = {isa = PBXBuildFile; fileRef = 145145502C2C59A00090F738 /* AuthenticationManager.swift */; };
		14B0DAA62C2C75C4000A1DAD /* GoogleService-Info.plist in Resources */ = {isa = PBXBuildFile; fileRef = 14B0DAA52C2C75C4000A1DAD /* GoogleService-Info.plist */; };
		14B0DAA92C2C7641000A1DAD /* FirebaseAnalytics in Frameworks */ = {isa = PBXBuildFile; productRef = 14B0DAA82C2C7641000A1DAD /* FirebaseAnalytics */; };
		14B0DAAB2C2C7644000A1DAD /* FirebaseAnalyticsSwift in Frameworks */ = {isa = PBXBuildFile; productRef = 14B0DAAA2C2C7644000A1DAD /* FirebaseAnalyticsSwift */; };
		14B0DAAD2C2C7648000A1DAD /* FirebaseAuth in Frameworks */ = {isa = PBXBuildFile; productRef = 14B0DAAC2C2C7648000A1DAD /* FirebaseAuth */; };
/* End PBXBuildFile section */

/* Begin PBXFileReference section */
		145145252C2C57620090F738 /* MasteringFirebase.app */ = {isa = PBXFileReference; explicitFileType = wrapper.application; includeInIndex = 0; path = MasteringFirebase.app; sourceTree = BUILT_PRODUCTS_DIR; };
		145145282C2C57620090F738 /* MasteringFirebaseApp.swift */ = {isa = PBXFileReference; lastKnownFileType = sourcecode.swift; path = MasteringFirebaseApp.swift; sourceTree = "<group>"; };
		1451452C2C2C57630090F738 /* Assets.xcassets */ = {isa = PBXFileReference; lastKnownFileType = folder.assetcatalog; path = Assets.xcassets; sourceTree = "<group>"; };
		1451452F2C2C57630090F738 /* Preview Assets.xcassets */ = {isa = PBXFileReference; lastKnownFileType = folder.assetcatalog; path = "Preview Assets.xcassets"; sourceTree = "<group>"; };
		1451453C2C2C58380090F738 /* AuthDataResult.swift */ = {isa = PBXFileReference; lastKnownFileType = sourcecode.swift; path = AuthDataResult.swift; sourceTree = "<group>"; };
		1451453E2C2C58490090F738 /* AuthViewModel.swift */ = {isa = PBXFileReference; lastKnownFileType = sourcecode.swift; path = AuthViewModel.swift; sourceTree = "<group>"; };
		145145402C2C58710090F738 /* MainView.swift */ = {isa = PBXFileReference; lastKnownFileType = sourcecode.swift; path = MainView.swift; sourceTree = "<group>"; };
		145145422C2C588C0090F738 /* FirstView.swift */ = {isa = PBXFileReference; lastKnownFileType = sourcecode.swift; path = FirstView.swift; sourceTree = "<group>"; };
		145145442C2C58C50090F738 /* AuthenticationView.swift */ = {isa = PBXFileReference; lastKnownFileType = sourcecode.swift; path = AuthenticationView.swift; sourceTree = "<group>"; };
		145145462C2C58D90090F738 /* SignInView.swift */ = {isa = PBXFileReference; lastKnownFileType = sourcecode.swift; path = SignInView.swift; sourceTree = "<group>"; };
		145145482C2C58F60090F738 /* SignUpView.swift */ = {isa = PBXFileReference; lastKnownFileType = sourcecode.swift; path = SignUpView.swift; sourceTree = "<group>"; };
		1451454C2C2C59480090F738 /* InputFieldView.swift */ = {isa = PBXFileReference; lastKnownFileType = sourcecode.swift; path = InputFieldView.swift; sourceTree = "<group>"; };
		1451454E2C2C595D0090F738 /* SignWithButton.swift */ = {isa = PBXFileReference; lastKnownFileType = sourcecode.swift; path = SignWithButton.swift; sourceTree = "<group>"; };
		145145502C2C59A00090F738 /* AuthenticationManager.swift */ = {isa = PBXFileReference; lastKnownFileType = sourcecode.swift; path = AuthenticationManager.swift; sourceTree = "<group>"; };
		14B0DAA52C2C75C4000A1DAD /* GoogleService-Info.plist */ = {isa = PBXFileReference; fileEncoding = 4; lastKnownFileType = text.plist.xml; path = "GoogleService-Info.plist"; sourceTree = "<group>"; };
/* End PBXFileReference section */

/* Begin PBXFrameworksBuildPhase section */
		145145222C2C57620090F738 /* Frameworks */ = {
			isa = PBXFrameworksBuildPhase;
			buildActionMask = 2147483647;
			files = (
				14B0DAAB2C2C7644000A1DAD /* FirebaseAnalyticsSwift in Frameworks */,
				14B0DAAD2C2C7648000A1DAD /* FirebaseAuth in Frameworks */,
				14B0DAA92C2C7641000A1DAD /* FirebaseAnalytics in Frameworks */,
			);
			runOnlyForDeploymentPostprocessing = 0;
		};
/* End PBXFrameworksBuildPhase section */

/* Begin PBXGroup section */
		1451451C2C2C57620090F738 = {
			isa = PBXGroup;
			children = (
				145145272C2C57620090F738 /* MasteringFirebase */,
				145145262C2C57620090F738 /* Products */,
				14B0DAA72C2C7641000A1DAD /* Frameworks */,
			);
			sourceTree = "<group>";
		};
		145145262C2C57620090F738 /* Products */ = {
			isa = PBXGroup;
			children = (
				145145252C2C57620090F738 /* MasteringFirebase.app */,
			);
			name = Products;
			sourceTree = "<group>";
		};
		145145272C2C57620090F738 /* MasteringFirebase */ = {
			isa = PBXGroup;
			children = (
				145145282C2C57620090F738 /* MasteringFirebaseApp.swift */,
				145145502C2C59A00090F738 /* AuthenticationManager.swift */,
				145145392C2C57CA0090F738 /* Model */,
				1451453A2C2C57D60090F738 /* ViewModel */,
				145145362C2C57A50090F738 /* Views */,
				145145372C2C57B20090F738 /* Support */,
				1451452E2C2C57630090F738 /* Preview Content */,
			);
			path = MasteringFirebase;
			sourceTree = "<group>";
		};
		1451452E2C2C57630090F738 /* Preview Content */ = {
			isa = PBXGroup;
			children = (
				1451452F2C2C57630090F738 /* Preview Assets.xcassets */,
			);
			path = "Preview Content";
			sourceTree = "<group>";
		};
		145145362C2C57A50090F738 /* Views */ = {
			isa = PBXGroup;
			children = (
				145145402C2C58710090F738 /* MainView.swift */,
				145145422C2C588C0090F738 /* FirstView.swift */,
				145145442C2C58C50090F738 /* AuthenticationView.swift */,
				145145462C2C58D90090F738 /* SignInView.swift */,
				145145482C2C58F60090F738 /* SignUpView.swift */,
				1451454B2C2C591A0090F738 /* CustomViews */,
			);
			path = Views;
			sourceTree = "<group>";
		};
		145145372C2C57B20090F738 /* Support */ = {
			isa = PBXGroup;
			children = (
				1451452C2C2C57630090F738 /* Assets.xcassets */,
				14B0DAA52C2C75C4000A1DAD /* GoogleService-Info.plist */,
			);
			path = Support;
			sourceTree = "<group>";
		};
		145145392C2C57CA0090F738 /* Model */ = {
			isa = PBXGroup;
			children = (
				1451453C2C2C58380090F738 /* AuthDataResult.swift */,
			);
			path = Model;
			sourceTree = "<group>";
		};
		1451453A2C2C57D60090F738 /* ViewModel */ = {
			isa = PBXGroup;
			children = (
				1451453E2C2C58490090F738 /* AuthViewModel.swift */,
			);
			path = ViewModel;
			sourceTree = "<group>";
		};
		1451454B2C2C591A0090F738 /* CustomViews */ = {
			isa = PBXGroup;
			children = (
				1451454C2C2C59480090F738 /* InputFieldView.swift */,
				1451454E2C2C595D0090F738 /* SignWithButton.swift */,
			);
			path = CustomViews;
			sourceTree = "<group>";
		};
		14B0DAA72C2C7641000A1DAD /* Frameworks */ = {
			isa = PBXGroup;
			children = (
			);
			name = Frameworks;
			sourceTree = "<group>";
		};
/* End PBXGroup section */

/* Begin PBXNativeTarget section */
		145145242C2C57620090F738 /* MasteringFirebase */ = {
			isa = PBXNativeTarget;
			buildConfigurationList = 145145332C2C57630090F738 /* Build configuration list for PBXNativeTarget "MasteringFirebase" */;
			buildPhases = (
				145145212C2C57620090F738 /* Sources */,
				145145222C2C57620090F738 /* Frameworks */,
				145145232C2C57620090F738 /* Resources */,
			);
			buildRules = (
			);
			dependencies = (
			);
			name = MasteringFirebase;
			packageProductDependencies = (
				14B0DAA82C2C7641000A1DAD /* FirebaseAnalytics */,
				14B0DAAA2C2C7644000A1DAD /* FirebaseAnalyticsSwift */,
				14B0DAAC2C2C7648000A1DAD /* FirebaseAuth */,
			);
			productName = MasteringFirebase;
			productReference = 145145252C2C57620090F738 /* MasteringFirebase.app */;
			productType = "com.apple.product-type.application";
		};
/* End PBXNativeTarget section */

/* Begin PBXProject section */
		1451451D2C2C57620090F738 /* Project object */ = {
			isa = PBXProject;
			attributes = {
				BuildIndependentTargetsInParallel = 1;
				LastSwiftUpdateCheck = 1540;
				LastUpgradeCheck = 1540;
				TargetAttributes = {
					145145242C2C57620090F738 = {
						CreatedOnToolsVersion = 15.4;
					};
				};
			};
			buildConfigurationList = 145145202C2C57620090F738 /* Build configuration list for PBXProject "MasteringFirebase" */;
			compatibilityVersion = "Xcode 14.0";
			developmentRegion = en;
			hasScannedForEncodings = 0;
			knownRegions = (
				en,
				Base,
			);
			mainGroup = 1451451C2C2C57620090F738;
			packageReferences = (
				1421B5812C2C5C0F006AF9D1 /* XCRemoteSwiftPackageReference "firebase-ios-sdk" */,
			);
			productRefGroup = 145145262C2C57620090F738 /* Products */;
			projectDirPath = "";
			projectRoot = "";
			targets = (
				145145242C2C57620090F738 /* MasteringFirebase */,
			);
		};
/* End PBXProject section */

/* Begin PBXResourcesBuildPhase section */
		145145232C2C57620090F738 /* Resources */ = {
			isa = PBXResourcesBuildPhase;
			buildActionMask = 2147483647;
			files = (
				14B0DAA62C2C75C4000A1DAD /* GoogleService-Info.plist in Resources */,
				145145302C2C57630090F738 /* Preview Assets.xcassets in Resources */,
				1451452D2C2C57630090F738 /* Assets.xcassets in Resources */,
			);
			runOnlyForDeploymentPostprocessing = 0;
		};
/* End PBXResourcesBuildPhase section */

/* Begin PBXSourcesBuildPhase section */
		145145212C2C57620090F738 /* Sources */ = {
			isa = PBXSourcesBuildPhase;
			buildActionMask = 2147483647;
			files = (
				1451453D2C2C58380090F738 /* AuthDataResult.swift in Sources */,
				145145472C2C58D90090F738 /* SignInView.swift in Sources */,
				145145512C2C59A00090F738 /* AuthenticationManager.swift in Sources */,
				145145432C2C588C0090F738 /* FirstView.swift in Sources */,
				145145452C2C58C50090F738 /* AuthenticationView.swift in Sources */,
				145145492C2C58F60090F738 /* SignUpView.swift in Sources */,
				145145412C2C58710090F738 /* MainView.swift in Sources */,
				1451454F2C2C595D0090F738 /* SignWithButton.swift in Sources */,
				145145292C2C57620090F738 /* MasteringFirebaseApp.swift in Sources */,
				1451453F2C2C58490090F738 /* AuthViewModel.swift in Sources */,
				1451454D2C2C59480090F738 /* InputFieldView.swift in Sources */,
			);
			runOnlyForDeploymentPostprocessing = 0;
		};
/* End PBXSourcesBuildPhase section */

/* Begin XCBuildConfiguration section */
		145145312C2C57630090F738 /* Debug */ = {
			isa = XCBuildConfiguration;
			buildSettings = {
				ALWAYS_SEARCH_USER_PATHS = NO;
				ASSETCATALOG_COMPILER_GENERATE_SWIFT_ASSET_SYMBOL_EXTENSIONS = YES;
				CLANG_ANALYZER_NONNULL = YES;
				CLANG_ANALYZER_NUMBER_OBJECT_CONVERSION = YES_AGGRESSIVE;
				CLANG_CXX_LANGUAGE_STANDARD = "gnu++20";
				CLANG_ENABLE_MODULES = YES;
				CLANG_ENABLE_OBJC_ARC = YES;
				CLANG_ENABLE_OBJC_WEAK = YES;
				CLANG_WARN_BLOCK_CAPTURE_AUTORELEASING = YES;
				CLANG_WARN_BOOL_CONVERSION = YES;
				CLANG_WARN_COMMA = YES;
				CLANG_WARN_CONSTANT_CONVERSION = YES;
				CLANG_WARN_DEPRECATED_OBJC_IMPLEMENTATIONS = YES;
				CLANG_WARN_DIRECT_OBJC_ISA_USAGE = YES_ERROR;
				CLANG_WARN_DOCUMENTATION_COMMENTS = YES;
				CLANG_WARN_EMPTY_BODY = YES;
				CLANG_WARN_ENUM_CONVERSION = YES;
				CLANG_WARN_INFINITE_RECURSION = YES;
				CLANG_WARN_INT_CONVERSION = YES;
				CLANG_WARN_NON_LITERAL_NULL_CONVERSION = YES;
				CLANG_WARN_OBJC_IMPLICIT_RETAIN_SELF = YES;
				CLANG_WARN_OBJC_LITERAL_CONVERSION = YES;
				CLANG_WARN_OBJC_ROOT_CLASS = YES_ERROR;
				CLANG_WARN_QUOTED_INCLUDE_IN_FRAMEWORK_HEADER = YES;
				CLANG_WARN_RANGE_LOOP_ANALYSIS = YES;
				CLANG_WARN_STRICT_PROTOTYPES = YES;
				CLANG_WARN_SUSPICIOUS_MOVE = YES;
				CLANG_WARN_UNGUARDED_AVAILABILITY = YES_AGGRESSIVE;
				CLANG_WARN_UNREACHABLE_CODE = YES;
				CLANG_WARN__DUPLICATE_METHOD_MATCH = YES;
				COPY_PHASE_STRIP = NO;
				DEBUG_INFORMATION_FORMAT = dwarf;
				ENABLE_STRICT_OBJC_MSGSEND = YES;
				ENABLE_TESTABILITY = YES;
				ENABLE_USER_SCRIPT_SANDBOXING = YES;
				GCC_C_LANGUAGE_STANDARD = gnu17;
				GCC_DYNAMIC_NO_PIC = NO;
				GCC_NO_COMMON_BLOCKS = YES;
				GCC_OPTIMIZATION_LEVEL = 0;
				GCC_PREPROCESSOR_DEFINITIONS = (
					"DEBUG=1",
					"$(inherited)",
				);
				GCC_WARN_64_TO_32_BIT_CONVERSION = YES;
				GCC_WARN_ABOUT_RETURN_TYPE = YES_ERROR;
				GCC_WARN_UNDECLARED_SELECTOR = YES;
				GCC_WARN_UNINITIALIZED_AUTOS = YES_AGGRESSIVE;
				GCC_WARN_UNUSED_FUNCTION = YES;
				GCC_WARN_UNUSED_VARIABLE = YES;
				IPHONEOS_DEPLOYMENT_TARGET = 17.5;
				LOCALIZATION_PREFERS_STRING_CATALOGS = YES;
				MTL_ENABLE_DEBUG_INFO = INCLUDE_SOURCE;
				MTL_FAST_MATH = YES;
				ONLY_ACTIVE_ARCH = YES;
				SDKROOT = iphoneos;
				SWIFT_ACTIVE_COMPILATION_CONDITIONS = "DEBUG $(inherited)";
				SWIFT_OPTIMIZATION_LEVEL = "-Onone";
			};
			name = Debug;
		};
		145145322C2C57630090F738 /* Release */ = {
			isa = XCBuildConfiguration;
			buildSettings = {
				ALWAYS_SEARCH_USER_PATHS = NO;
				ASSETCATALOG_COMPILER_GENERATE_SWIFT_ASSET_SYMBOL_EXTENSIONS = YES;
				CLANG_ANALYZER_NONNULL = YES;
				CLANG_ANALYZER_NUMBER_OBJECT_CONVERSION = YES_AGGRESSIVE;
				CLANG_CXX_LANGUAGE_STANDARD = "gnu++20";
				CLANG_ENABLE_MODULES = YES;
				CLANG_ENABLE_OBJC_ARC = YES;
				CLANG_ENABLE_OBJC_WEAK = YES;
				CLANG_WARN_BLOCK_CAPTURE_AUTORELEASING = YES;
				CLANG_WARN_BOOL_CONVERSION = YES;
				CLANG_WARN_COMMA = YES;
				CLANG_WARN_CONSTANT_CONVERSION = YES;
				CLANG_WARN_DEPRECATED_OBJC_IMPLEMENTATIONS = YES;
				CLANG_WARN_DIRECT_OBJC_ISA_USAGE = YES_ERROR;
				CLANG_WARN_DOCUMENTATION_COMMENTS = YES;
				CLANG_WARN_EMPTY_BODY = YES;
				CLANG_WARN_ENUM_CONVERSION = YES;
				CLANG_WARN_INFINITE_RECURSION = YES;
				CLANG_WARN_INT_CONVERSION = YES;
				CLANG_WARN_NON_LITERAL_NULL_CONVERSION = YES;
				CLANG_WARN_OBJC_IMPLICIT_RETAIN_SELF = YES;
				CLANG_WARN_OBJC_LITERAL_CONVERSION = YES;
				CLANG_WARN_OBJC_ROOT_CLASS = YES_ERROR;
				CLANG_WARN_QUOTED_INCLUDE_IN_FRAMEWORK_HEADER = YES;
				CLANG_WARN_RANGE_LOOP_ANALYSIS = YES;
				CLANG_WARN_STRICT_PROTOTYPES = YES;
				CLANG_WARN_SUSPICIOUS_MOVE = YES;
				CLANG_WARN_UNGUARDED_AVAILABILITY = YES_AGGRESSIVE;
				CLANG_WARN_UNREACHABLE_CODE = YES;
				CLANG_WARN__DUPLICATE_METHOD_MATCH = YES;
				COPY_PHASE_STRIP = NO;
				DEBUG_INFORMATION_FORMAT = "dwarf-with-dsym";
				ENABLE_NS_ASSERTIONS = NO;
				ENABLE_STRICT_OBJC_MSGSEND = YES;
				ENABLE_USER_SCRIPT_SANDBOXING = YES;
				GCC_C_LANGUAGE_STANDARD = gnu17;
				GCC_NO_COMMON_BLOCKS = YES;
				GCC_WARN_64_TO_32_BIT_CONVERSION = YES;
				GCC_WARN_ABOUT_RETURN_TYPE = YES_ERROR;
				GCC_WARN_UNDECLARED_SELECTOR = YES;
				GCC_WARN_UNINITIALIZED_AUTOS = YES_AGGRESSIVE;
				GCC_WARN_UNUSED_FUNCTION = YES;
				GCC_WARN_UNUSED_VARIABLE = YES;
				IPHONEOS_DEPLOYMENT_TARGET = 17.5;
				LOCALIZATION_PREFERS_STRING_CATALOGS = YES;
				MTL_ENABLE_DEBUG_INFO = NO;
				MTL_FAST_MATH = YES;
				SDKROOT = iphoneos;
				SWIFT_COMPILATION_MODE = wholemodule;
				VALIDATE_PRODUCT = YES;
			};
			name = Release;
		};
		145145342C2C57630090F738 /* Debug */ = {
			isa = XCBuildConfiguration;
			buildSettings = {
				ASSETCATALOG_COMPILER_APPICON_NAME = AppIcon;
				ASSETCATALOG_COMPILER_GLOBAL_ACCENT_COLOR_NAME = AccentColor;
				CODE_SIGN_STYLE = Automatic;
				CURRENT_PROJECT_VERSION = 1;
				DEVELOPMENT_ASSET_PATHS = "\"MasteringFirebase/Preview Content\"";
				DEVELOPMENT_TEAM = 2SS9FAQ8LA;
				ENABLE_PREVIEWS = YES;
				GENERATE_INFOPLIST_FILE = YES;
				INFOPLIST_KEY_UIApplicationSceneManifest_Generation = YES;
				INFOPLIST_KEY_UIApplicationSupportsIndirectInputEvents = YES;
				INFOPLIST_KEY_UILaunchScreen_Generation = YES;
				INFOPLIST_KEY_UISupportedInterfaceOrientations_iPad = "UIInterfaceOrientationPortrait UIInterfaceOrientationPortraitUpsideDown UIInterfaceOrientationLandscapeLeft UIInterfaceOrientationLandscapeRight";
				INFOPLIST_KEY_UISupportedInterfaceOrientations_iPhone = "UIInterfaceOrientationPortrait UIInterfaceOrientationLandscapeLeft UIInterfaceOrientationLandscapeRight";
				LD_RUNPATH_SEARCH_PATHS = (
					"$(inherited)",
					"@executable_path/Frameworks",
				);
				MARKETING_VERSION = 1.0;
				PRODUCT_BUNDLE_IDENTIFIER = com.MohanadRamadan.MasteringFirebase;
				PRODUCT_NAME = "$(TARGET_NAME)";
				SWIFT_EMIT_LOC_STRINGS = YES;
				SWIFT_VERSION = 5.0;
				TARGETED_DEVICE_FAMILY = "1,2";
			};
			name = Debug;
		};
		145145352C2C57630090F738 /* Release */ = {
			isa = XCBuildConfiguration;
			buildSettings = {
				ASSETCATALOG_COMPILER_APPICON_NAME = AppIcon;
				ASSETCATALOG_COMPILER_GLOBAL_ACCENT_COLOR_NAME = AccentColor;
				CODE_SIGN_STYLE = Automatic;
				CURRENT_PROJECT_VERSION = 1;
				DEVELOPMENT_ASSET_PATHS = "\"MasteringFirebase/Preview Content\"";
				DEVELOPMENT_TEAM = 2SS9FAQ8LA;
				ENABLE_PREVIEWS = YES;
				GENERATE_INFOPLIST_FILE = YES;
				INFOPLIST_KEY_UIApplicationSceneManifest_Generation = YES;
				INFOPLIST_KEY_UIApplicationSupportsIndirectInputEvents = YES;
				INFOPLIST_KEY_UILaunchScreen_Generation = YES;
				INFOPLIST_KEY_UISupportedInterfaceOrientations_iPad = "UIInterfaceOrientationPortrait UIInterfaceOrientationPortraitUpsideDown UIInterfaceOrientationLandscapeLeft UIInterfaceOrientationLandscapeRight";
				INFOPLIST_KEY_UISupportedInterfaceOrientations_iPhone = "UIInterfaceOrientationPortrait UIInterfaceOrientationLandscapeLeft UIInterfaceOrientationLandscapeRight";
				LD_RUNPATH_SEARCH_PATHS = (
					"$(inherited)",
					"@executable_path/Frameworks",
				);
				MARKETING_VERSION = 1.0;
				PRODUCT_BUNDLE_IDENTIFIER = com.MohanadRamadan.MasteringFirebase;
				PRODUCT_NAME = "$(TARGET_NAME)";
				SWIFT_EMIT_LOC_STRINGS = YES;
				SWIFT_VERSION = 5.0;
				TARGETED_DEVICE_FAMILY = "1,2";
			};
			name = Release;
		};
/* End XCBuildConfiguration section */

/* Begin XCConfigurationList section */
		145145202C2C57620090F738 /* Build configuration list for PBXProject "MasteringFirebase" */ = {
			isa = XCConfigurationList;
			buildConfigurations = (
				145145312C2C57630090F738 /* Debug */,
				145145322C2C57630090F738 /* Release */,
			);
			defaultConfigurationIsVisible = 0;
			defaultConfigurationName = Release;
		};
		145145332C2C57630090F738 /* Build configuration list for PBXNativeTarget "MasteringFirebase" */ = {
			isa = XCConfigurationList;
			buildConfigurations = (
				145145342C2C57630090F738 /* Debug */,
				145145352C2C57630090F738 /* Release */,
			);
			defaultConfigurationIsVisible = 0;
			defaultConfigurationName = Release;
		};
/* End XCConfigurationList section */

/* Begin XCRemoteSwiftPackageReference section */
		1421B5812C2C5C0F006AF9D1 /* XCRemoteSwiftPackageReference "firebase-ios-sdk" */ = {
			isa = XCRemoteSwiftPackageReference;
			repositoryURL = "https://github.com/firebase/firebase-ios-sdk";
			requirement = {
				kind = upToNextMajorVersion;
				minimumVersion = 10.28.1;
			};
		};
/* End XCRemoteSwiftPackageReference section */

/* Begin XCSwiftPackageProductDependency section */
		14B0DAA82C2C7641000A1DAD /* FirebaseAnalytics */ = {
			isa = XCSwiftPackageProductDependency;
			package = 1421B5812C2C5C0F006AF9D1 /* XCRemoteSwiftPackageReference "firebase-ios-sdk" */;
			productName = FirebaseAnalytics;
		};
		14B0DAAA2C2C7644000A1DAD /* FirebaseAnalyticsSwift */ = {
			isa = XCSwiftPackageProductDependency;
			package = 1421B5812C2C5C0F006AF9D1 /* XCRemoteSwiftPackageReference "firebase-ios-sdk" */;
			productName = FirebaseAnalyticsSwift;
		};
		14B0DAAC2C2C7648000A1DAD /* FirebaseAuth */ = {
			isa = XCSwiftPackageProductDependency;
			package = 1421B5812C2C5C0F006AF9D1 /* XCRemoteSwiftPackageReference "firebase-ios-sdk" */;
			productName = FirebaseAuth;
		};
/* End XCSwiftPackageProductDependency section */
	};
	rootObject = 1451451D2C2C57620090F738 /* Project object */;
}
